Microsoft Visual Studio Solution File, Format Version 11.00
# Visual Studio 2008

Project("{2AB1F3F8-9382-3298-751F-DF60B4E0365A}") = "Pipe", "Assembly-CSharp-vs.csproj", "{9DB0E8AA-A6BE-700A-1802-D423485EE67F}"
EndProject
Project("{2AB1F3F8-9382-3298-751F-DF60B4E0365A}") = "Pipe", "Assembly-CSharp-Editor-vs.csproj", "{37665C90-5641-FF1B-9F49-EE6B7897D3AE}"
EndProject
Global
	GlobalSection(SolutionConfigurationPlatforms) = preSolution
		Debug|Any CPU = Debug|Any CPU
		Release|Any CPU = Release|Any CPU
	EndGlobalSection
	GlobalSection(ProjectConfigurationPlatforms) = postSolution
		{9DB0E8AA-A6BE-700A-1802-D423485EE67F}.Debug|Any CPU.ActiveCfg = Debug|Any CPU
		{9DB0E8AA-A6BE-700A-1802-D423485EE67F}.Debug|Any CPU.Build.0 = Debug|Any CPU
		{9DB0E8AA-A6BE-700A-1802-D423485EE67F}.Release|Any CPU.ActiveCfg = Release|Any CPU
		{9DB0E8AA-A6BE-700A-1802-D423485EE67F}.Release|Any CPU.Build.0 = Release|Any CPU
		{37665C90-5641-FF1B-9F49-EE6B7897D3AE}.Debug|Any CPU.ActiveCfg = Debug|Any CPU
		{37665C90-5641-FF1B-9F49-EE6B7897D3AE}.Debug|Any CPU.Build.0 = Debug|Any CPU
		{37665C90-5641-FF1B-9F49-EE6B7897D3AE}.Release|Any CPU.ActiveCfg = Release|Any CPU
		{37665C90-5641-FF1B-9F49-EE6B7897D3AE}.Release|Any CPU.Build.0 = Release|Any CPU
	EndGlobalSection
	GlobalSection(SolutionProperties) = preSolution
		HideSolutionNode = FALSE
	EndGlobalSection
																																																																																																																																																																																																																																																																																																																																																																																																																																																																																																				GlobalSection(MonoDevelopProperties) = preSolution
		StartupItem = Assembly-CSharp.csproj
		Policies = $0
		$0.TextStylePolicy = $1
		$1.inheritsSet = null
		$1.scope = text/x-csharp
		$0.CSharpFormattingPolicy = $2
		$2.inheritsSet = Mono
		$2.inheritsScope = text/x-csharp
		$2.scope = text/x-csharp
		$0.TextStylePolicy = $3
		$3.FileWidth = 120
		$3.TabWidth = 4
		$3.EolMarker = Unix
		$3.inheritsSet = Mono
		$3.inheritsScope = text/plain
		$3.scope = text/plain
	EndGlobalSection

EndGlobal
